{
  "requires": true,
  "lockfileVersion": 1,
  "dependencies": {
    "activestorage": {
      "version": "5.2.0",
      "resolved": "https://registry.npmjs.org/activestorage/-/activestorage-5.2.0.tgz",
      "integrity": "sha512-oaA1SJEB9Lc5bMiFvqr+Z1NK1ASvrilzFkSigjMG/yGwgFjS6rCs+IDDAgySZJXfcEnAS0OEsZRn6YrCQlLBAA==",
      "requires": {
        "spark-md5": "^3.0.0"
      }
    },
    "spark-md5": {
      "version": "3.0.0",
      "resolved": "https://registry.npmjs.org/spark-md5/-/spark-md5-3.0.0.tgz",
      "integrity": "sha1-NyIifFTi+vJLHcbZM8wUTm9xv+8="
    }
  }
}
